// !$*UTF8*$!
{
	archiveVersion = 1;
	classes = {
	};
	objectVersion = 46;
	objects = {

/* Begin PBXBuildFile section */
		B11F2BD11CDA5B45002D5545 /* AppDelegate.swift in Sources */ = {isa = PBXBuildFile; fileRef = B11F2BD01CDA5B45002D5545 /* AppDelegate.swift */; };
		B11F2BD31CDA5B45002D5545 /* ViewController.swift in Sources */ = {isa = PBXBuildFile; fileRef = B11F2BD21CDA5B45002D5545 /* ViewController.swift */; };
		B11F2BD61CDA5B45002D5545 /* Main.storyboard in Resources */ = {isa = PBXBuildFile; fileRef = B11F2BD41CDA5B45002D5545 /* Main.storyboard */; };
		B11F2BD81CDA5B45002D5545 /* Assets.xcassets in Resources */ = {isa = PBXBuildFile; fileRef = B11F2BD71CDA5B45002D5545 /* Assets.xcassets */; };
		B11F2BDB1CDA5B45002D5545 /* LaunchScreen.storyboard in Resources */ = {isa = PBXBuildFile; fileRef = B11F2BD91CDA5B45002D5545 /* LaunchScreen.storyboard */; };
/* End PBXBuildFile section */

/* Begin PBXFileReference section */
		B11F2BCD1CDA5B45002D5545 /* Marvel.app */ = {isa = PBXFileReference; explicitFileType = wrapper.application; includeInIndex = 0; path = Marvel.app; sourceTree = BUILT_PRODUCTS_DIR; };
		B11F2BD01CDA5B45002D5545 /* AppDelegate.swift */ = {isa = PBXFileReference; lastKnownFileType = sourcecode.swift; path = AppDelegate.swift; sourceTree = "<group>"; };
		B11F2BD21CDA5B45002D5545 /* ViewController.swift */ = {isa = PBXFileReference; lastKnownFileType = sourcecode.swift; path = ViewController.swift; sourceTree = "<group>"; };
		B11F2BD51CDA5B45002D5545 /* Base */ = {isa = PBXFileReference; lastKnownFileType = file.storyboard; name = Base; path = Base.lproj/Main.storyboard; sourceTree = "<group>"; };
		B11F2BD71CDA5B45002D5545 /* Assets.xcassets */ = {isa = PBXFileReference; lastKnownFileType = folder.assetcatalog; path = Assets.xcassets; sourceTree = "<group>"; };
		B11F2BDA1CDA5B45002D5545 /* Base */ = {isa = PBXFileReference; lastKnownFileType = file.storyboard; name = Base; path = Base.lproj/LaunchScreen.storyboard; sourceTree = "<group>"; };
		B11F2BDC1CDA5B45002D5545 /* Info.plist */ = {isa = PBXFileReference; lastKnownFileType = text.plist.xml; path = Info.plist; sourceTree = "<group>"; };
/* End PBXFileReference section */

/* Begin PBXFrameworksBuildPhase section */
		B11F2BCA1CDA5B45002D5545 /* Frameworks */ = {
			isa = PBXFrameworksBuildPhase;
			buildActionMask = 2147483647;
			files = (
			);
			runOnlyForDeploymentPostprocessing = 0;
		};
/* End PBXFrameworksBuildPhase section */

/* Begin PBXGroup section */
		B11F2BC41CDA5B45002D5545 = {
			isa = PBXGroup;
			children = (
				B11F2BCF1CDA5B45002D5545 /* Marvel */,
				B11F2BCE1CDA5B45002D5545 /* Products */,
			);
			sourceTree = "<group>";
		};
		B11F2BCE1CDA5B45002D5545 /* Products */ = {
			isa = PBXGroup;
			children = (
				B11F2BCD1CDA5B45002D5545 /* Marvel.app */,
			);
			name = Products;
			sourceTree = "<group>";
		};
		B11F2BCF1CDA5B45002D5545 /* Marvel */ = {
			isa = PBXGroup;
			children = (
				B11F2BD01CDA5B45002D5545 /* AppDelegate.swift */,
				B11F2BD21CDA5B45002D5545 /* ViewController.swift */,
				B11F2BD41CDA5B45002D5545 /* Main.storyboard */,
				B11F2BD71CDA5B45002D5545 /* Assets.xcassets */,
				B11F2BD91CDA5B45002D5545 /* LaunchScreen.storyboard */,
				B11F2BDC1CDA5B45002D5545 /* Info.plist */,
			);
			path = Marvel;
			sourceTree = "<group>";
		};
/* End PBXGroup section */

/* Begin PBXNativeTarget section */
		B11F2BCC1CDA5B45002D5545 /* Marvel */ = {
			isa = PBXNativeTarget;
			buildConfigurationList = B11F2BDF1CDA5B45002D5545 /* Build configuration list for PBXNativeTarget "Marvel" */;
			buildPhases = (
				B11F2BC91CDA5B45002D5545 /* Sources */,
				B11F2BCA1CDA5B45002D5545 /* Frameworks */,
				B11F2BCB1CDA5B45002D5545 /* Resources */,
			);
			buildRules = (
			);
			dependencies = (
			);
			name = Marvel;
			productName = Marvel;
			productReference = B11F2BCD1CDA5B45002D5545 /* Marvel.app */;
			productType = "com.apple.product-type.application";
		};
/* End PBXNativeTarget section */

/* Begin PBXProject section */
		B11F2BC51CDA5B45002D5545 /* Project object */ = {
			isa = PBXProject;
			attributes = {
				LastSwiftUpdateCheck = 0730;
				LastUpgradeCheck = 0730;
				ORGANIZATIONNAME = "José Becerra";
				TargetAttributes = {
					B11F2BCC1CDA5B45002D5545 = {
						CreatedOnToolsVersion = 7.3;
					};
				};
			};
			buildConfigurationList = B11F2BC81CDA5B45002D5545 /* Build configuration list for PBXProject "Marvel" */;
			compatibilityVersion = "Xcode 3.2";
			developmentRegion = English;
			hasScannedForEncodings = 0;
			knownRegions = (
				en,
				Base,
			);
			mainGroup = B11F2BC41CDA5B45002D5545;
			productRefGroup = B11F2BCE1CDA5B45002D5545 /* Products */;
			projectDirPath = "";
			projectRoot = "";
			targets = (
				B11F2BCC1CDA5B45002D5545 /* Marvel */,
			);
		};
/* End PBXProject section */

/* Begin PBXResourcesBuildPhase section */
		B11F2BCB1CDA5B45002D5545 /* Resources */ = {
			isa = PBXResourcesBuildPhase;
			buildActionMask = 2147483647;
			files = (
				B11F2BDB1CDA5B45002D5545 /* LaunchScreen.storyboard in Resources */,
				B11F2BD81CDA5B45002D5545 /* Assets.xcassets in Resources */,
				B11F2BD61CDA5B45002D5545 /* Main.storyboard in Resources */,
			);
			runOnlyForDeploymentPostprocessing = 0;
		};
/* End PBXResourcesBuildPhase section */

/* Begin PBXSourcesBuildPhase section */
		B11F2BC91CDA5B45002D5545 /* Sources */ = {
			isa = PBXSourcesBuildPhase;
			buildActionMask = 2147483647;
			files = (
				B11F2BD31CDA5B45002D5545 /* ViewController.swift in Sources */,
				B11F2BD11CDA5B45002D5545 /* AppDelegate.swift in Sources */,
			);
			runOnlyForDeploymentPostprocessing = 0;
		};
/* End PBXSourcesBuildPhase section */

/* Begin PBXVariantGroup section */
		B11F2BD41CDA5B45002D5545 /* Main.storyboard */ = {
			isa = PBXVariantGroup;
			children = (
				B11F2BD51CDA5B45002D5545 /* Base */,
			);
			name = Main.storyboard;
			sourceTree = "<group>";
		};
		B11F2BD91CDA5B45002D5545 /* LaunchScreen.storyboard */ = {
			isa = PBXVariantGroup;
			children = (
				B11F2BDA1CDA5B45002D5545 /* Base */,
			);
			name = LaunchScreen.storyboard;
			sourceTree = "<group>";
		};
/* End PBXVariantGroup section */

/* Begin XCBuildConfiguration section */
		B11F2BDD1CDA5B45002D5545 /* Debug */ = {
			isa = XCBuildConfiguration;
			buildSettings = {
				ALWAYS_SEARCH_USER_PATHS = NO;
				CLANG_ANALYZER_NONNULL = YES;
				CLANG_CXX_LANGUAGE_STANDARD = "gnu++0x";
				CLANG_CXX_LIBRARY = "libc++";
				CLANG_ENABLE_MODULES = YES;
				CLANG_ENABLE_OBJC_ARC = YES;
				CLANG_WARN_BOOL_CONVERSION = YES;
				CLANG_WARN_CONSTANT_CONVERSION = YES;
				CLANG_WARN_DIRECT_OBJC_ISA_USAGE = YES_ERROR;
				CLANG_WARN_EMPTY_BODY = YES;
				CLANG_WARN_ENUM_CONVERSION = YES;
				CLANG_WARN_INT_CONVERSION = YES;
				CLANG_WARN_OBJC_ROOT_CLASS = YES_ERROR;
				CLANG_WARN_UNREACHABLE_CODE = YES;
				CLANG_WARN__DUPLICATE_METHOD_MATCH = YES;
				"CODE_SIGN_IDENTITY[sdk=iphoneos*]" = "iPhone Developer";
				COPY_PHASE_STRIP = NO;
				DEBUG_INFORMATION_FORMAT = dwarf;
				ENABLE_STRICT_OBJC_MSGSEND = YES;
				ENABLE_TESTABILITY = YES;
				GCC_C_LANGUAGE_STANDARD = gnu99;
				GCC_DYNAMIC_NO_PIC = NO;
				GCC_NO_COMMON_BLOCKS = YES;
				GCC_OPTIMIZATION_LEVEL = 0;
				GCC_PREPROCESSOR_DEFINITIONS = (
					"DEBUG=1",
					"$(inherited)",
				);
				GCC_WARN_64_TO_32_BIT_CONVERSION = YES;
				GCC_WARN_ABOUT_RETURN_TYPE = YES_ERROR;
				GCC_WARN_UNDECLARED_SELECTOR = YES;
				GCC_WARN_UNINITIALIZED_AUTOS = YES_AGGRESSIVE;
				GCC_WARN_UNUSED_FUNCTION = YES;
				GCC_WARN_UNUSED_VARIABLE = YES;
				IPHONEOS_DEPLOYMENT_TARGET = 9.3;
				MTL_ENABLE_DEBUG_INFO = YES;
				ONLY_ACTIVE_ARCH = YES;
				SDKROOT = iphoneos;
				SWIFT_OPTIMIZATION_LEVEL = "-Onone";
			};
			name = Debug;
		};
		B11F2BDE1CDA5B45002D5545 /* Release */ = {
			isa = XCBuildConfiguration;
			buildSettings = {
				ALWAYS_SEARCH_USER_PATHS = NO;
				CLANG_ANALYZER_NONNULL = YES;
				CLANG_CXX_LANGUAGE_STANDARD = "gnu++0x";
				CLANG_CXX_LIBRARY = "libc++";
				CLANG_ENABLE_MODULES = YES;
				CLANG_ENABLE_OBJC_ARC = YES;
				CLANG_WARN_BOOL_CONVERSION = YES;
				CLANG_WARN_CONSTANT_CONVERSION = YES;
				CLANG_WARN_DIRECT_OBJC_ISA_USAGE = YES_ERROR;
				CLANG_WARN_EMPTY_BODY = YES;
				CLANG_WARN_ENUM_CONVERSION = YES;
				CLANG_WARN_INT_CONVERSION = YES;
				CLANG_WARN_OBJC_ROOT_CLASS = YES_ERROR;
				CLANG_WARN_UNREACHABLE_CODE = YES;
				CLANG_WARN__DUPLICATE_METHOD_MATCH = YES;
				"CODE_SIGN_IDENTITY[sdk=iphoneos*]" = "iPhone Developer";
				COPY_PHASE_STRIP = NO;
				DEBUG_INFORMATION_FORMAT = "dwarf-with-dsym";
				ENABLE_NS_ASSERTIONS = NO;
				ENABLE_STRICT_OBJC_MSGSEND = YES;
				GCC_C_LANGUAGE_STANDARD = gnu99;
				GCC_NO_COMMON_BLOCKS = YES;
				GCC_WARN_64_TO_32_BIT_CONVERSION = YES;
				GCC_WARN_ABOUT_RETURN_TYPE = YES_ERROR;
				GCC_WARN_UNDECLARED_SELECTOR = YES;
				GCC_WARN_UNINITIALIZED_AUTOS = YES_AGGRESSIVE;
				GCC_WARN_UNUSED_FUNCTION = YES;
				GCC_WARN_UNUSED_VARIABLE = YES;
				IPHONEOS_DEPLOYMENT_TARGET = 9.3;
				MTL_ENABLE_DEBUG_INFO = NO;
				SDKROOT = iphoneos;
				VALIDATE_PRODUCT = YES;
			};
			name = Release;
		};
		B11F2BE01CDA5B45002D5545 /* Debug */ = {
			isa = XCBuildConfiguration;
			buildSettings = {
				ASSETCATALOG_COMPILER_APPICON_NAME = AppIcon;
				INFOPLIST_FILE = Marvel/Info.plist;
				LD_RUNPATH_SEARCH_PATHS = "$(inherited) @executable_path/Frameworks";
				PRODUCT_BUNDLE_IDENTIFIER = com.graphicsandcode.Marvel;
				PRODUCT_NAME = "$(TARGET_NAME)";
			};
			name = Debug;
		};
		B11F2BE11CDA5B45002D5545 /* Release */ = {
			isa = XCBuildConfiguration;
			buildSettings = {
				ASSETCATALOG_COMPILER_APPICON_NAME = AppIcon;
				INFOPLIST_FILE = Marvel/Info.plist;
				LD_RUNPATH_SEARCH_PATHS = "$(inherited) @executable_path/Frameworks";
				PRODUCT_BUNDLE_IDENTIFIER = com.graphicsandcode.Marvel;
				PRODUCT_NAME = "$(TARGET_NAME)";
			};
			name = Release;
		};
/* End XCBuildConfiguration section */

/* Begin XCConfigurationList section */
		B11F2BC81CDA5B45002D5545 /* Build configuration list for PBXProject "Marvel" */ = {
			isa = XCConfigurationList;
			buildConfigurations = (
				B11F2BDD1CDA5B45002D5545 /* Debug */,
				B11F2BDE1CDA5B45002D5545 /* Release */,
			);
			defaultConfigurationIsVisible = 0;
			defaultConfigurationName = Release;
		};
		B11F2BDF1CDA5B45002D5545 /* Build configuration list for PBXNativeTarget "Marvel" */ = {
			isa = XCConfigurationList;
			buildConfigurations = (
				B11F2BE01CDA5B45002D5545 /* Debug */,
				B11F2BE11CDA5B45002D5545 /* Release */,
			);
			defaultConfigurationIsVisible = 0;
		};
/* End XCConfigurationList section */
	};
	rootObject = B11F2BC51CDA5B45002D5545 /* Project object */;
}
